
Microsoft Visual Studio Solution File, Format Version 12.00
# Visual Studio Version 16
VisualStudioVersion = 16.0.30517.126
MinimumVisualStudioVersion = 10.0.40219.1
Project("{9A19103F-16F7-4668-BE54-9A1E7A4F7556}") = "LinkedListProject", "LinkedListProject.csproj", "{5D69A407-B223-41C9-9FB1-9256319E0F12}"
EndProject
Project("{FAE04EC0-301F-11D3-BF4B-00C04F79EFBC}") = "LinkedListTest", "..\LinkedListTest\LinkedListTest.csproj", "{5373CF5B-66CC-447A-9663-E0BBEABFF9F3}"
EndProject
Global
	GlobalSection(SolutionConfigurationPlatforms) = preSolution
		Debug|Any CPU = Debug|Any CPU
		Release|Any CPU = Release|Any CPU
	EndGlobalSection
	GlobalSection(ProjectConfigurationPlatforms) = postSolution
		{5D69A407-B223-41C9-9FB1-9256319E0F12}.Debug|Any CPU.ActiveCfg = Debug|Any CPU
		{5D69A407-B223-41C9-9FB1-9256319E0F12}.Debug|Any CPU.Build.0 = Debug|Any CPU
		{5D69A407-B223-41C9-9FB1-9256319E0F12}.Release|Any CPU.ActiveCfg = Release|Any CPU
		{5D69A407-B223-41C9-9FB1-9256319E0F12}.Release|Any CPU.Build.0 = Release|Any CPU
		{5373CF5B-66CC-447A-9663-E0BBEABFF9F3}.Debug|Any CPU.ActiveCfg = Debug|Any CPU
		{5373CF5B-66CC-447A-9663-E0BBEABFF9F3}.Debug|Any CPU.Build.0 = Debug|Any CPU
		{5373CF5B-66CC-447A-9663-E0BBEABFF9F3}.Release|Any CPU.ActiveCfg = Release|Any CPU
		{5373CF5B-66CC-447A-9663-E0BBEABFF9F3}.Release|Any CPU.Build.0 = Release|Any CPU
	EndGlobalSection
	GlobalSection(SolutionProperties) = preSolution
		HideSolutionNode = FALSE
	EndGlobalSection
	GlobalSection(ExtensibilityGlobals) = postSolution
		SolutionGuid = {5BA433B8-235E-4071-9B20-2D95A6FBFF4D}
	EndGlobalSection
EndGlobal
